{
  "name": "liverpool",
  "version": "1.0.0",
  "lockfileVersion": 3,
  "requires": true,
  "packages": {
    "": {
      "name": "liverpool",
      "version": "1.0.0",
      "license": "ISC",
      "devDependencies": {
        "@types/jest": "^30.0.0",
        "concurrently": "^10.0.5"
      }
    },
    "node_modules/@babel/code-frame": {
      "version": "7.29.7",
      "resolved": "https://registry.npmjs.org/@babel/code-frame/-/code-frame-7.29.7.tgz",
      "integrity": "sha512-Aup7aUOfpbAUg2ROOJN6Iw5f9DMBlzu0mIkm/malLQFN/YQgO48wCj0Kxa3sEHJvPVFg7siR+qRInwXd2qhQKw==",
      "dev": true,
      "license": "MIT",
      "dependencies": {
        "@babel/helper-validator-identifier": "^7.29.7",
        "js-tokens": "^4.0.0",
        "picocolors": "^1.1.1"
      },
      "engines": {
        "node": ">=6.9.0"
      }
    },
    "node_modules/@babel/helper-validator-identifier": {
      "version": "7.29.7",
      "resolved": "https://registry.npmjs.org/@babel/helper-validator-identifier/-/helper-validator-identifier-7.29.7.tgz",
      "integrity": "sha512-qehxGkRj55h/ff8EMaJ+cYhyaKlHIxqYDn682wQD7RNp9UujOQsHog2uS0r2vzr4pW+sXf90NeeayjcNaX3fFg==",
      "dev": true,
      "license": "MIT",
      "engines": {
        "node": ">=6.9.0"
      }
    },
    "node_modules/@jest/diff-sequences": {
      "version": "30.5.0",
      "resolved": "https://registry.npmjs.org/@jest/diff-sequences/-/diff-sequences-30.5.0.tgz",
      "integrity": "sha512-OsqBjHXCn8cadasoAZBP6nWYvMsRhpMzGXTpxJ5aO04NlbdhIz+FVe3q49l0AwVhsz/cEmIpBes6gAFl1/dWQg==",
      "dev": true,
      "license": "MIT",
      "engines": {
        "node": "^18.14.0 || ^20.0.0 || ^22.0.0 || >=24.0.0"
      }
    },
    "node_modules/@jest/expect-utils": {
      "version": "30.5.2",
      "resolved": "https://registry.npmjs.org/@jest/expect-utils/-/expect-utils-30.5.2.tgz",
      "integrity": "sha512-d/HOLSrJUlBIl6n3LzOa7cjW3xdePm5H5gQw2lixZ/0h157l9sw3mLblzFqnPcTbhDzhRQdBOX3A3KcG73nm5Q==",
      "dev": true,
      "license": "MIT",
      "dependencies": {
        "@jest/get-type": "30.5.0"
      },
      "engines": {
        "node": "^18.14.0 || ^20.0.0 || ^22.0.0 || >=24.0.0"
      }
    },
    "node_modules/@jest/get-type": {
      "version": "30.5.0",
      "resolved": "https://registry.npmjs.org/@jest/get-type/-/get-type-30.5.0.tgz",
      "integrity": "sha512-9/2VUPitAjmBzbvDvqrxmvB7BzWsBW0WmkkojX1ODuxX1NLGxx9gfaZpHB0z8DtJ9uhGNmZG/VXBhf8uO0OV8Q==",
      "dev": true,
      "license": "MIT",
      "engines": {
        "node": "^18.14.0 || ^20.0.0 || ^22.0.0 || >=24.0.0"
      }
    },
    "node_modules/@jest/pattern": {
      "version": "30.5.0",
      "resolved": "https://registry.npmjs.org/@jest/pattern/-/pattern-30.5.0.tgz",
      "integrity": "sha512-HdNQYSdRTEBNrginaqzQtTjG0HRMfrra/z6Ok7uL3S87vSlarIVohEsJsSj5edu3MiHoHjAkvPROz5ZjoKai+w==",
      "dev": true,
      "license": "MIT",
      "dependencies": {
        "@types/node": "*",
        "jest-regex-util": "30.5.0"
      },
      "engines": {
        "node": "^18.14.0 || ^20.0.0 || ^22.0.0 || >=24.0.0"
      }
    },
    "node_modules/@jest/react-is-18": {
      "name": "react-is",
      "version": "18.3.1",
      "resolved": "https://registry.npmjs.org/react-is/-/react-is-18.3.1.tgz",
      "integrity": "sha512-/LLMVyas0ljjAtoYiPqYiL8VWXzUUdThrmU5+n20DZv+a+ClRoevUzw5JxU+Ieh5/c87ytoTBV9G1FiKfNJdmg==",
      "dev": true,
      "license": "MIT"
    },
    "node_modules/@jest/react-is-19": {
      "name": "react-is",
      "version": "19.3.0",
      "resolved": "https://registry.npmjs.org/react-is/-/react-is-19.3.0.tgz",
      "integrity": "sha512-UpMYezM4v5/18F28aC66AEsjXIgE02kyEMH6yLdgLXu/UTfa1Ntwck/nNLrbqJsEXW7gPb0coNO9FQse9WTovA==",
      "dev": true,
      "license": "MIT"
    },
    "node_modules/@jest/schemas": {
      "version": "30.5.0",
      "resolved": "https://registry.npmjs.org/@jest/schemas/-/schemas-30.5.0.tgz",
      "integrity": "sha512-/hunigyNpc4RCjC0VaW3f5RCUZVM2+WQ65qP7z083Gmvac7or2LI50XVNOtE4YPgBpV0yxYiAgorAPGniCoJmg==",
      "dev": true,
      "license": "MIT",
      "dependencies": {
        "@sinclair/typebox": "^0.34.0"
      },
      "engines": {
        "node": "^18.14.0 || ^20.0.0 || ^22.0.0 || >=24.0.0"
      }
    },
    "node_modules/@jest/types": {
      "version": "30.5.1",
      "resolved": "https://registry.npmjs.org/@jest/types/-/types-30.5.1.tgz",
      "integrity": "sha512-LvVYn83nnXPl+Rg98nvcFgjx6nRMTArhSn6RAX/w3ELn54S8A42TYZvsCMdGUqTM8S0wyXbtlQdU6Hi6dykj9g==",
      "dev": true,
      "license": "MIT",
      "dependencies": {
        "@jest/pattern": "30.5.0",
        "@jest/schemas": "30.5.0",
        "@types/istanbul-lib-coverage": "^2.0.6",
        "@types/istanbul-reports": "^3.0.4",
        "@types/node": "*",
        "@types/yargs": "^17.0.33",
        "chalk": "^4.1.2"
      },
      "engines": {
        "node": "^18.14.0 || ^20.0.0 || ^22.0.0 || >=24.0.0"
      }
    },
    "node_modules/@jest/types/node_modules/ansi-styles": {
      "version": "4.3.0",
      "resolved": "https://registry.npmjs.org/ansi-styles/-/ansi-styles-4.3.0.tgz",
      "integrity": "sha512-zbB9rCJAT1rbjiVDb2hqKFHNYLxgtk8NURxZ3IZwD3F6NtxbXZQCnnSi1Lkx+IDohdPlFp222wVALIheZJQSEg==",
      "dev": true,
      "license": "MIT",
      "dependencies": {
        "color-convert": "^2.0.1"
      },
      "engines": {
        "node": ">=8"
      },
      "funding": {
        "url": "https://github.com/chalk/ansi-styles?sponsor=1"
      }
    },
    "node_modules/@jest/types/node_modules/chalk": {
      "version": "4.1.2",
      "resolved": "https://registry.npmjs.org/chalk/-/chalk-4.1.2.tgz",
      "integrity": "sha512-oKnbhFyRIXpUuez8iBMmyEa4nbj4IOQyuhc/wy9kY7/WVPcwIO9VA668Pu8RkO7+0G76SLROeyw9CpQ061i4mA==",
      "dev": true,
      "license": "MIT",
      "dependencies": {
        "ansi-styles": "^4.1.0",
        "supports-color": "^7.1.0"
      },
      "engines": {
        "node": ">=10"
      },
      "funding": {
        "url": "https://github.com/chalk/chalk?sponsor=1"
      }
    },
    "node_modules/@jest/types/node_modules/supports-color": {
      "version": "7.2.0",
      "resolved": "https://registry.npmjs.org/supports-color/-/supports-color-7.2.0.tgz",
      "integrity": "sha512-qpCAvRl9stuOHveKsn7HncJRvv501qIacKzQlO/+Lwxc9+0q2wLyv4Dfvt80/DPn2pqOBsJdDiogXGR9+OvwRw==",
      "dev": true,
      "license": "MIT",
      "dependencies": {
        "has-flag": "^4.0.0"
      },
      "engines": {
        "node": ">=8"
      }
    },
    "node_modules/@sinclair/typebox": {
      "version": "0.34.52",
      "resolved": "https://registry.npmjs.org/@sinclair/typebox/-/typebox-0.34.52.tgz",
      "integrity": "sha512-XiMQh7qqVlxZzcVD+kkGMNGMzcTrDMLWI7S4x7z1MkCkbDPrekpZXEUK0eZqZFMuHQg2a2DZOcDIh9o5v3Gonw==",
      "dev": true,
      "license": "MIT"
    },
    "node_modules/@types/istanbul-lib-coverage": {
      "version": "2.0.6",
      "resolved": "https://registry.npmjs.org/@types/istanbul-lib-coverage/-/istanbul-lib-coverage-2.0.6.tgz",
      "integrity": "sha512-2QF/t/auWm0lsy8XtKVPG19v3sSOQlJe/YHZgfjb/KBBHOGSV+J2q/S671rcq9uTBrLAXmZpqJiaQbMT+zNU1w==",
      "dev": true,
      "license": "MIT"
    },
    "node_modules/@types/istanbul-lib-report": {
      "version": "3.0.3",
      "resolved": "https://registry.npmjs.org/@types/istanbul-lib-report/-/istanbul-lib-report-3.0.3.tgz",
      "integrity": "sha512-NQn7AHQnk/RSLOxrBbGyJM/aVQ+pjj5HCgasFxc0K/KhoATfQ/47AyUl15I2yBUpihjmas+a+VJBOqecrFH+uA==",
      "dev": true,
      "license": "MIT",
      "dependencies": {
        "@types/istanbul-lib-coverage": "*"
      }
    },
    "node_modules/@types/istanbul-reports": {
      "version": "3.0.4",
      "resolved": "https://registry.npmjs.org/@types/istanbul-reports/-/istanbul-reports-3.0.4.tgz",
      "integrity": "sha512-pk2B1NWalF9toCRu6gjBzR69syFjP4Od8WRAX+0mmf9lAjCRicLOWc+ZrxZHx/0XRjotgkF9t6iaMJ+aXcOdZQ==",
      "dev": true,
      "license": "MIT",
      "dependencies": {
        "@types/istanbul-lib-report": "*"
      }
    },
    "node_modules/@types/jest": {
      "version": "30.0.0",
      "resolved": "https://registry.npmjs.org/@types/jest/-/jest-30.0.0.tgz",
      "integrity": "sha512-XTYugzhuwqWjws0CVz8QpM36+T+Dz5mTEBKhNs/esGLnCIlGdRy+Dq78NRjd7ls7r8BC8ZRMOrKlkO1hU0JOwA==",
      "dev": true,
      "license": "MIT",
      "dependencies": {
        "expect": "^30.0.0",
        "pretty-format": "^30.0.0"
      }
    },
    "node_modules/@types/node": {
      "version": "26.6.2",
      "resolved": "https://registry.npmjs.org/@types/node/-/node-26.6.2.tgz",
      "integrity": "sha512-X1P21scMv4zGKLYqjdGjaKa7COa0RKVYYZZN/NfvLQ1JegxFhdhpZG/Lyn8AXx6CDUavKAd11v6BvfpkDByK8g==",
      "dev": true,
      "license": "MIT",
      "dependencies": {
        "undici-types": "~8.9.0"
      }
    },
    "node_modules/@types/stack-utils": {
      "version": "2.0.3",
      "resolved": "https://registry.npmjs.org/@types/stack-utils/-/stack-utils-2.0.3.tgz",
      "integrity": "sha512-9aEbYZ3TbYMznPdcdr3SmIrLXwC/AKZXQeCf9Pgao5CKb8CyHuEX5jzWPTkvregvhRJHcpRO6BFoGW9ycaOkYw==",
      "dev": true,
      "license": "MIT"
    },
    "node_modules/@types/yargs": {
      "version": "17.0.35",
      "resolved": "https://registry.npmjs.org/@types/yargs/-/yargs-17.0.35.tgz",
      "integrity": "sha512-qUHkeCyQFxMXg79wQfTtfndEC+N9ZZg76HJftDJp+qH2tV7Gj4OJi7l+PiWwJ+pWtW8GwSmqsDj/oymhrTWXjg==",
      "dev": true,
      "license": "MIT",
      "dependencies": {
        "@types/yargs-parser": "*"
      }
    },
    "node_modules/@types/yargs-parser": {
      "version": "21.0.3",
      "resolved": "https://registry.npmjs.org/@types/yargs-parser/-/yargs-parser-21.0.3.tgz",
      "integrity": "sha512-I4q9QU9MQv4oEOz4tAHJtNz1cwuLxn2F3xcc2iV5WdqLPpUnj30aUuxt1mAxYTG+oe8CZMV/+6rU4S4gRDzqtQ==",
      "dev": true,
      "license": "MIT"
    },
    "node_modules/ansi-regex": {
      "version": "6.3.0",
      "resolved": "https://registry.npmjs.org/ansi-regex/-/ansi-regex-6.3.0.tgz",
      "integrity": "sha512-WpDfL7NO6j7tH88IDBNVdUJxDh9nmCteAVW9dsep846XdwF4naCBK+/tGLX3KJgcpgMRXCFlTM2hKGoK9FsdrQ==",
      "dev": true,
      "license": "MIT",
      "engines": {
        "node": ">=12"
      },
      "funding": {
        "url": "https://github.com/chalk/ansi-regex?sponsor=1"
      }
    },
    "node_modules/ansi-styles": {
      "version": "6.2.3",
      "resolved": "https://registry.npmjs.org/ansi-styles/-/ansi-styles-6.2.3.tgz",
      "integrity": "sha512-4Dj6M28JB+oAH8kFkTLUo+a2jwOFkuqb3yucU0CANcRRUbxS0cP0nZYCGjcc3BNXwRIsUVmDGgzawme7zvJHvg==",
      "dev": true,
      "license": "MIT",
      "engines": {
        "node": ">=12"
      },
      "funding": {
        "url": "https://github.com/chalk/ansi-styles?sponsor=1"
      }
    },
    "node_modules/chalk": {
      "version": "5.6.2",
      "resolved": "https://registry.npmjs.org/chalk/-/chalk-5.6.2.tgz",
      "integrity": "sha512-7NzBL0rN6fMUW+f7A6Io4h40qQlG+xGmtMxfbnH/K7TAtt8JQWVQK+6g0UXKMeVJoyV5EkkNsErQ8pVD3bLHbA==",
      "dev": true,
      "license": "MIT",
      "engines": {
        "node": "^12.17.0 || ^14.13 || >=16.0.0"
      },
      "funding": {
        "url": "https://github.com/chalk/chalk?sponsor=1"
      }
    },
    "node_modules/ci-info": {
      "version": "4.4.0",
      "resolved": "https://registry.npmjs.org/ci-info/-/ci-info-4.4.0.tgz",
      "integrity": "sha512-77PSwercCZU2Fc4sX94eF8k8Pxte6JAwL4/ICZLFjJLqegs7kCuAsqqj/70NQF6TvDpgFjkubQB2FW2ZZddvQg==",
      "dev": true,
      "funding": [
        {
          "type": "github",
          "url": "https://github.com/sponsors/sibiraj-s"
        }
      ],
      "license": "MIT",
      "engines": {
        "node": ">=8"
      }
    },
    "node_modules/cliui": {
      "version": "9.0.1",
      "resolved": "https://registry.npmjs.org/cliui/-/cliui-9.0.1.tgz",
      "integrity": "sha512-k7ndgKhwoQveBL+/1tqGJYNz097I7WOvwbmmU2AR5+magtbjPWQTS1C5vzGkBC8Ym8UWRzfKUzUUqFLypY4Q+w==",
      "dev": true,
      "license": "ISC",
      "dependencies": {
        "string-width": "^7.2.0",
        "strip-ansi": "^7.1.0",
        "wrap-ansi": "^9.0.0"
      },
      "engines": {
        "node": ">=20"
      }
    },
    "node_modules/color-convert": {
      "version": "2.0.1",
      "resolved": "https://registry.npmjs.org/color-convert/-/color-convert-2.0.1.tgz",
      "integrity": "sha512-RRECPsj7iu/xb5oKYcsFHSppFNnsj/52OVTRKb4zP5onXwVF3zVmmToNcOfGC+CRDpfK/U584fMg38ZHCaElKQ==",
      "dev": true,
      "license": "MIT",
      "dependencies": {
        "color-name": "~1.1.4"
      },
      "engines": {
        "node": ">=7.0.0"
      }
    },
    "node_modules/color-name": {
      "version": "1.1.4",
      "resolved": "https://registry.npmjs.org/color-name/-/color-name-1.1.4.tgz",
      "integrity": "sha512-dOy+3AuW3a2wNbZHIuMZpTcgjGuLU/uBL/ubcZF9OXbDo8ff4O8yVp5Bf0efS8uEoYo5q4Fx7dY9OgQGXgAsQA==",
      "dev": true,
      "license": "MIT"
    },
    "node_modules/concurrently": {
      "version": "10.0.5",
      "resolved": "https://registry.npmjs.org/concurrently/-/concurrently-10.0.5.tgz",
      "integrity": "sha512-JaP/CoftUrCcAFW/g//RbgEGwlelnEae6cfBLgH6ZdO6s8jPkn6p9SB9u6pdVxYXoiSnFqseOlHfrEfF82TVOg==",
      "dev": true,
      "license": "MIT",
      "dependencies": {
        "chalk": "5.6.2",
        "rxjs": "7.8.2",
        "shell-quote": "1.9.0",
        "supports-color": "10.2.2",
        "tree-kill": "1.2.2",
        "yargs": "18.0.0"
      },
      "bin": {
        "conc": "dist/bin/index.js",
        "concurrently": "dist/bin/index.js"
      },
      "engines": {
        "node": ">=22"
      },
      "funding": {
        "url": "https://github.com/open-cli-tools/concurrently?sponsor=1"
      }
    },
    "node_modules/emoji-regex": {
      "version": "10.6.0",
      "resolved": "https://registry.npmjs.org/emoji-regex/-/emoji-regex-10.6.0.tgz",
      "integrity": "sha512-toUI84YS5YmxW219erniWD0CIVOo46xGKColeNQRgOzDorgBi1v4D71/OFzgD9GO2UGKIv1C3Sp8DAn0+j5w7A==",
      "dev": true,
      "license": "MIT"
    },
    "node_modules/escalade": {
      "version": "3.2.0",
      "resolved": "https://registry.npmjs.org/escalade/-/escalade-3.2.0.tgz",
      "integrity": "sha512-WUj2qlxaQtO4g6Pq5c29GTcWGDyd8itL8zTlipgECz3JesAiiOKotd8JU6otB3PACgG6xkJUyVhboMS+bje/jA==",
      "dev": true,
      "license": "MIT",
      "engines": {
        "node": ">=6"
      }
    },
    "node_modules/escape-string-regexp": {
      "version": "2.0.0",
      "resolved": "https://registry.npmjs.org/escape-string-regexp/-/escape-string-regexp-2.0.0.tgz",
      "integrity": "sha512-UpzcLCXolUWcNu5HtVMHYdXJjArjsF9C0aNnquZYY4uW/Vu0miy5YoWvbV345HauVvcAUnpRuhMMcqTcGOY2+w==",
      "dev": true,
      "license": "MIT",
      "engines": {
        "node": ">=8"
      }
    },
    "node_modules/expect": {
      "version": "30.5.2",
      "resolved": "https://registry.npmjs.org/expect/-/expect-30.5.2.tgz",
      "integrity": "sha512-0LNuMvs8/5mRYhnCR4k+lGV7fqPMs6Bnksda4S3zsCUmdxBpAn4zU4NNzXdq1pMKe/H4W5t/zVIDSJ/H3e0vDA==",
      "dev": true,
      "license": "MIT",
      "dependencies": {
        "@jest/expect-utils": "30.5.2",
        "@jest/get-type": "30.5.0",
        "jest-matcher-utils": "30.5.2",
        "jest-message-util": "30.5.1",
        "jest-mock": "30.5.2",
        "jest-util": "30.5.1"
      },
      "engines": {
        "node": "^18.14.0 || ^20.0.0 || ^22.0.0 || >=24.0.0"
      }
    },
    "node_modules/get-caller-file": {
      "version": "2.0.5",
      "resolved": "https://registry.npmjs.org/get-caller-file/-/get-caller-file-2.0.5.tgz",
      "integrity": "sha512-DyFP3BM/3YHTQOCUL/w0OZHR0lpKeGrxotcHWcqNEdnltqFwXVfhEBQ94eIo34AfQpo0rGki4cyIiftY06h2Fg==",
      "dev": true,
      "license": "ISC",
      "engines": {
        "node": "6.* || 8.* || >= 10.*"
      }
    },
    "node_modules/get-east-asian-width": {
      "version": "1.6.0",
      "resolved": "https://registry.npmjs.org/get-east-asian-width/-/get-east-asian-width-1.6.0.tgz",
      "integrity": "sha512-QRbvDIbx6YklUe6RxeTeleMR0yv3cYH6PsPZHcnVn7xv7zO1BHN8r0XETu8n6Ye3Q+ahtSarc3WgtNWmehIBfA==",
      "dev": true,
      "license": "MIT",
      "engines": {
        "node": ">=18"
      },
      "funding": {
        "url": "https://github.com/sponsors/sindresorhus"
      }
    },
    "node_modules/graceful-fs": {
      "version": "4.2.11",
      "resolved": "https://registry.npmjs.org/graceful-fs/-/graceful-fs-4.2.11.tgz",
      "integrity": "sha512-RbJ5/jmFcNNCcDV5o9eTnBLJ/HszWV0P73bc+Ff4nS/rJj+YaS6IGyiOL0VoBYX+l1Wrl3k63h/KrH+nhJ0XvQ==",
      "dev": true,
      "license": "ISC"
    },
    "node_modules/has-flag": {
      "version": "4.0.0",
      "resolved": "https://registry.npmjs.org/has-flag/-/has-flag-4.0.0.tgz",
      "integrity": "sha512-EykJT/Q1KjTWctppgIAgfSO0tKVuZUjhgMr17kqTumMl6Afv3EISleU7qZUzoXDFTAHTDC4NOoG/ZxU3EvlMPQ==",
      "dev": true,
      "license": "MIT",
      "engines": {
        "node": ">=8"
      }
    },
    "node_modules/jest-diff": {
      "version": "30.5.2",
      "resolved": "https://registry.npmjs.org/jest-diff/-/jest-diff-30.5.2.tgz",
      "integrity": "sha512-rBtHnI6BWTiWj3lM7fOLVfChx7R9B0u9VV3PRHawKs79x6ZjW1QoSrKenaigNGWlvhtoi2BqvDbABDie+Os3xQ==",
      "dev": true,
      "license": "MIT",
      "dependencies": {
        "@jest/diff-sequences": "30.5.0",
        "@jest/get-type": "30.5.0",
        "chalk": "^4.1.2",
        "pretty-format": "30.5.1"
      },
      "engines": {
        "node": "^18.14.0 || ^20.0.0 || ^22.0.0 || >=24.0.0"
      }
    },
    "node_modules/jest-diff/node_modules/ansi-styles": {
      "version": "4.3.0",
      "resolved": "https://registry.npmjs.org/ansi-styles/-/ansi-styles-4.3.0.tgz",
      "integrity": "sha512-zbB9rCJAT1rbjiVDb2hqKFHNYLxgtk8NURxZ3IZwD3F6NtxbXZQCnnSi1Lkx+IDohdPlFp222wVALIheZJQSEg==",
      "dev": true,
      "license": "MIT",
      "dependencies": {
        "color-convert": "^2.0.1"
      },
      "engines": {
        "node": ">=8"
      },
      "funding": {
        "url": "https://github.com/chalk/ansi-styles?sponsor=1"
      }
    },
    "node_modules/jest-diff/node_modules/chalk": {
      "version": "4.1.2",
      "resolved": "https://registry.npmjs.org/chalk/-/chalk-4.1.2.tgz",
      "integrity": "sha512-oKnbhFyRIXpUuez8iBMmyEa4nbj4IOQyuhc/wy9kY7/WVPcwIO9VA668Pu8RkO7+0G76SLROeyw9CpQ061i4mA==",
      "dev": true,
      "license": "MIT",
      "dependencies": {
        "ansi-styles": "^4.1.0",
        "supports-color": "^7.1.0"
      },
      "engines": {
        "node": ">=10"
      },
      "funding": {
        "url": "https://github.com/chalk/chalk?sponsor=1"
      }
    },
    "node_modules/jest-diff/node_modules/supports-color": {
      "version": "7.2.0",
      "resolved": "https://registry.npmjs.org/supports-color/-/supports-color-7.2.0.tgz",
      "integrity": "sha512-qpCAvRl9stuOHveKsn7HncJRvv501qIacKzQlO/+Lwxc9+0q2wLyv4Dfvt80/DPn2pqOBsJdDiogXGR9+OvwRw==",
      "dev": true,
      "license": "MIT",
      "dependencies": {
        "has-flag": "^4.0.0"
      },
      "engines": {
        "node": ">=8"
      }
    },
    "node_modules/jest-matcher-utils": {
      "version": "30.5.2",
      "resolved": "https://registry.npmjs.org/jest-matcher-utils/-/jest-matcher-utils-30.5.2.tgz",
      "integrity": "sha512-lFkB365PTIHOhPzwrb9T6gvlDnPpOZ7/c3ewOKKB7bzztqjVrtlyRL2MkyfJXpyY2u2SKw001JKrTx14fBUFcQ==",
      "dev": true,
      "license": "MIT",
      "dependencies": {
        "@jest/get-type": "30.5.0",
        "chalk": "^4.1.2",
        "jest-diff": "30.5.2",
        "pretty-format": "30.5.1"
      },
      "engines": {
        "node": "^18.14.0 || ^20.0.0 || ^22.0.0 || >=24.0.0"
      }
    },
    "node_modules/jest-matcher-utils/node_modules/ansi-styles": {
      "version": "4.3.0",
      "resolved": "https://registry.npmjs.org/ansi-styles/-/ansi-styles-4.3.0.tgz",
      "integrity": "sha512-zbB9rCJAT1rbjiVDb2hqKFHNYLxgtk8NURxZ3IZwD3F6NtxbXZQCnnSi1Lkx+IDohdPlFp222wVALIheZJQSEg==",
      "dev": true,
      "license": "MIT",
      "dependencies": {
        "color-convert": "^2.0.1"
      },
      "engines": {
        "node": ">=8"
      },
      "funding": {
        "url": "https://github.com/chalk/ansi-styles?sponsor=1"
      }
    },
    "node_modules/jest-matcher-utils/node_modules/chalk": {
      "version": "4.1.2",
      "resolved": "https://registry.npmjs.org/chalk/-/chalk-4.1.2.tgz",
      "integrity": "sha512-oKnbhFyRIXpUuez8iBMmyEa4nbj4IOQyuhc/wy9kY7/WVPcwIO9VA668Pu8RkO7+0G76SLROeyw9CpQ061i4mA==",
      "dev": true,
      "license": "MIT",
      "dependencies": {
        "ansi-styles": "^4.1.0",
        "supports-color": "^7.1.0"
      },
      "engines": {
        "node": ">=10"
      },
      "funding": {
        "url": "https://github.com/chalk/chalk?sponsor=1"
      }
    },
    "node_modules/jest-matcher-utils/node_modules/supports-color": {
      "version": "7.2.0",
      "resolved": "https://registry.npmjs.org/supports-color/-/supports-color-7.2.0.tgz",
      "integrity": "sha512-qpCAvRl9stuOHveKsn7HncJRvv501qIacKzQlO/+Lwxc9+0q2wLyv4Dfvt80/DPn2pqOBsJdDiogXGR9+OvwRw==",
      "dev": true,
      "license": "MIT",
      "dependencies": {
        "has-flag": "^4.0.0"
      },
      "engines": {
        "node": ">=8"
      }
    },
    "node_modules/jest-message-util": {
      "version": "30.5.1",
      "resolved": "https://registry.npmjs.org/jest-message-util/-/jest-message-util-30.5.1.tgz",
      "integrity": "sha512-UdQlLdd9wL/Ys7xRErckqwD6wPlSZYueosSWuHc1r2ztGLwlgPvtSJq2+BPEgaEY13WLvfFbmhTj8pba0Sd1jg==",
      "dev": true,
      "license": "MIT",
      "dependencies": {
        "@babel/code-frame": "^7.27.1",
        "@jest/types": "30.5.1",
        "@types/stack-utils": "^2.0.3",
        "chalk": "^4.1.2",
        "graceful-fs": "^4.2.11",
        "jest-util": "30.5.1",
        "picomatch": "^4.0.3",
        "pretty-format": "30.5.1",
        "slash": "^3.0.0",
        "stack-utils": "^2.0.6"
      },
      "engines": {
        "node": "^18.14.0 || ^20.0.0 || ^22.0.0 || >=24.0.0"
      }
    },
    "node_modules/jest-message-util/node_modules/ansi-styles": {
      "version": "4.3.0",
      "resolved": "https://registry.npmjs.org/ansi-styles/-/ansi-styles-4.3.0.tgz",
      "integrity": "sha512-zbB9rCJAT1rbjiVDb2hqKFHNYLxgtk8NURxZ3IZwD3F6NtxbXZQCnnSi1Lkx+IDohdPlFp222wVALIheZJQSEg==",
      "dev": true,
      "license": "MIT",
      "dependencies": {
        "color-convert": "^2.0.1"
      },
      "engines": {
        "node": ">=8"
      },
      "funding": {
        "url": "https://github.com/chalk/ansi-styles?sponsor=1"
      }
    },
    "node_modules/jest-message-util/node_modules/chalk": {
      "version": "4.1.2",
      "resolved": "https://registry.npmjs.org/chalk/-/chalk-4.1.2.tgz",
      "integrity": "sha512-oKnbhFyRIXpUuez8iBMmyEa4nbj4IOQyuhc/wy9kY7/WVPcwIO9VA668Pu8RkO7+0G76SLROeyw9CpQ061i4mA==",
      "dev": true,
      "license": "MIT",
      "dependencies": {
        "ansi-styles": "^4.1.0",
        "supports-color": "^7.1.0"
      },
      "engines": {
        "node": ">=10"
      },
      "funding": {
        "url": "https://github.com/chalk/chalk?sponsor=1"
      }
    },
    "node_modules/jest-message-util/node_modules/supports-color": {
      "version": "7.2.0",
      "resolved": "https://registry.npmjs.org/supports-color/-/supports-color-7.2.0.tgz",
      "integrity": "sha512-qpCAvRl9stuOHveKsn7HncJRvv501qIacKzQlO/+Lwxc9+0q2wLyv4Dfvt80/DPn2pqOBsJdDiogXGR9+OvwRw==",
      "dev": true,
      "license": "MIT",
      "dependencies": {
        "has-flag": "^4.0.0"
      },
      "engines": {
        "node": ">=8"
      }
    },
    "node_modules/jest-mock": {
      "version": "30.5.2",
      "resolved": "https://registry.npmjs.org/jest-mock/-/jest-mock-30.5.2.tgz",
      "integrity": "sha512-KTHb37Fhj8xY8qPFvTFaFJHcdsumQp+ExsUlgoX232Agmc706gagBs53+CYvulV7MVQo9AgXOUxsqzzVBoJlrA==",
      "dev": true,
      "license": "MIT",
      "dependencies": {
        "@jest/expect-utils": "30.5.2",
        "@jest/types": "30.5.1",
        "@types/node": "*",
        "jest-util": "30.5.1"
      },
      "engines": {
        "node": "^18.14.0 || ^20.0.0 || ^22.0.0 || >=24.0.0"
      }
    },
    "node_modules/jest-regex-util": {
      "version": "30.5.0",
      "resolved": "https://registry.npmjs.org/jest-regex-util/-/jest-regex-util-30.5.0.tgz",
      "integrity": "sha512-Mg0WK7A6xRHLSA1udJ8y9f3lM0uUhFTBnLKzwPmqB9AylvpleJ6BLemR8K9dK27DY+cesDryoA7yLZCAHsPG1A==",
      "dev": true,
      "license": "MIT",
      "engines": {
        "node": "^18.14.0 || ^20.0.0 || ^22.0.0 || >=24.0.0"
      }
    },
    "node_modules/jest-util": {
      "version": "30.5.1",
      "resolved": "https://registry.npmjs.org/jest-util/-/jest-util-30.5.1.tgz",
      "integrity": "sha512-yKuxmNy2rSbTXw+3SIPanJo+nV4/BS1p26v44IYBFMsswSQySfMMcPHErnOncda7i9HEz0q605rIhSTBVgrZTg==",
      "dev": true,
      "license": "MIT",
      "dependencies": {
        "@jest/types": "30.5.1",
        "@types/node": "*",
        "chalk": "^4.1.2",
        "ci-info": "^4.2.0",
        "graceful-fs": "^4.2.11",
        "picomatch": "^4.0.3"
      },
      "engines": {
        "node": "^18.14.0 || ^20.0.0 || ^22.0.0 || >=24.0.0"
      }
    },
    "node_modules/jest-util/node_modules/ansi-styles": {
      "version": "4.3.0",
      "resolved": "https://registry.npmjs.org/ansi-styles/-/ansi-styles-4.3.0.tgz",
      "integrity": "sha512-zbB9rCJAT1rbjiVDb2hqKFHNYLxgtk8NURxZ3IZwD3F6NtxbXZQCnnSi1Lkx+IDohdPlFp222wVALIheZJQSEg==",
      "dev": true,
      "license": "MIT",
      "dependencies": {
        "color-convert": "^2.0.1"
      },
      "engines": {
        "node": ">=8"
      },
      "funding": {
        "url": "https://github.com/chalk/ansi-styles?sponsor=1"
      }
    },
    "node_modules/jest-util/node_modules/chalk": {
      "version": "4.1.2",
      "resolved": "https://registry.npmjs.org/chalk/-/chalk-4.1.2.tgz",
      "integrity": "sha512-oKnbhFyRIXpUuez8iBMmyEa4nbj4IOQyuhc/wy9kY7/WVPcwIO9VA668Pu8RkO7+0G76SLROeyw9CpQ061i4mA==",
      "dev": true,
      "license": "MIT",
      "dependencies": {
        "ansi-styles": "^4.1.0",
        "supports-color": "^7.1.0"
      },
      "engines": {
        "node": ">=10"
      },
      "funding": {
        "url": "https://github.com/chalk/chalk?sponsor=1"
      }
    },
    "node_modules/jest-util/node_modules/supports-color": {
      "version": "7.2.0",
      "resolved": "https://registry.npmjs.org/supports-color/-/supports-color-7.2.0.tgz",
      "integrity": "sha512-qpCAvRl9stuOHveKsn7HncJRvv501qIacKzQlO/+Lwxc9+0q2wLyv4Dfvt80/DPn2pqOBsJdDiogXGR9+OvwRw==",
      "dev": true,
      "license": "MIT",
      "dependencies": {
        "has-flag": "^4.0.0"
      },
      "engines": {
        "node": ">=8"
      }
    },
    "node_modules/js-tokens": {
      "version": "4.0.0",
      "resolved": "https://registry.npmjs.org/js-tokens/-/js-tokens-4.0.0.tgz",
      "integrity": "sha512-RdJUflcE3cUzKiMqQgsCu06FPu9UdIJO0beYbPhHN4k6apgJtifcoCtT9bcxOpYBtpD2kCM6Sbzg4CausW/PKQ==",
      "dev": true,
      "license": "MIT"
    },
    "node_modules/picocolors": {
      "version": "1.1.1",
      "resolved": "https://registry.npmjs.org/picocolors/-/picocolors-1.1.1.tgz",
      "integrity": "sha512-xceH2snhtb5M9liqDsmEw56le376mTZkEX/jEb/RxNFyegNul7eNslCXP9FDj/Lcu0X8KEyMceP2ntpaHrDEVA==",
      "dev": true,
      "license": "ISC"
    },
    "node_modules/picomatch": {
      "version": "4.0.7",
      "resolved": "https://registry.npmjs.org/picomatch/-/picomatch-4.0.7.tgz",
      "integrity": "sha512-qcJu88Q2IWqJsDD529JKMdwGm/dvInW4HvQnRwiH9JtihJvzGOscDtHE3x1pBKeUOTysQ8kVmLnJ2kJu7yhcGA==",
      "dev": true,
      "license": "MIT",
      "engines": {
        "node": ">=12"
      },
      "funding": {
        "url": "https://github.com/sponsors/jonschlinkert"
      }
    },
    "node_modules/pretty-format": {
      "version": "30.5.1",
      "resolved": "https://registry.npmjs.org/pretty-format/-/pretty-format-30.5.1.tgz",
      "integrity": "sha512-byhRAPguVKMQIj4kjJwJ5lAskVhfuiSdiYl/aLTWpgkGEmic2jYhJh1yE9ih8Ox44Xg9ccCT11/S6QrzSJuNrg==",
      "dev": true,
      "license": "MIT",
      "dependencies": {
        "@jest/react-is-18": "npm:react-is@^18.3.1",
        "@jest/react-is-19": "npm:react-is@^19.2.5",
        "@jest/schemas": "30.5.0",
        "ansi-styles": "^5.2.0"
      },
      "engines": {
        "node": "^18.14.0 || ^20.0.0 || ^22.0.0 || >=24.0.0"
      }
    },
    "node_modules/pretty-format/node_modules/ansi-styles": {
      "version": "5.2.0",
      "resolved": "https://registry.npmjs.org/ansi-styles/-/ansi-styles-5.2.0.tgz",
      "integrity": "sha512-Cxwpt2SfTzTtXcfOlzGEee8O+c+MmUgGrNiBcXnuWxuFJHe6a5Hz7qwhwe5OgaSYI0IJvkLqWX1ASG+cJOkEiA==",
      "dev": true,
      "license": "MIT",
      "engines": {
        "node": ">=10"
      },
      "funding": {
        "url": "https://github.com/chalk/ansi-styles?sponsor=1"
      }
    },
    "node_modules/rxjs": {
      "version": "7.8.2",
      "resolved": "https://registry.npmjs.org/rxjs/-/rxjs-7.8.2.tgz",
      "integrity": "sha512-dhKf903U/PQZY6boNNtAGdWbG85WAbjT/1xYoZIC7FAY0yWapOBQVsVrDl58W86//e1VpMNBtRV4MaXfdMySFA==",
      "dev": true,
      "license": "Apache-2.0",
      "dependencies": {
        "tslib": "^2.1.0"
      }
    },
    "node_modules/shell-quote": {
      "version": "1.9.0",
      "resolved": "https://registry.npmjs.org/shell-quote/-/shell-quote-1.9.0.tgz",
      "integrity": "sha512-Iov+JwFv/2HcTpcwNMKd8+IWNb8tboQJNQTkAY/LLVK7gGH9jy+LGkVqPxfekHl+yMmiqXszdGWXgkfml7hjqA==",
      "dev": true,
      "license": "MIT",
      "engines": {
        "node": ">= 0.4"
      },
      "funding": {
        "url": "https://github.com/sponsors/ljharb"
      }
    },
    "node_modules/slash": {
      "version": "3.0.0",
      "resolved": "https://registry.npmjs.org/slash/-/slash-3.0.0.tgz",
      "integrity": "sha512-g9Q1haeby36OSStwb4ntCGGGaKsaVSjQ68fBxoQcutl5fS1vuY18H3wSt3jFyFtrkx+Kz0V1G85A4MyAdDMi2Q==",
      "dev": true,
      "license": "MIT",
      "engines": {
        "node": ">=8"
      }
    },
    "node_modules/stack-utils": {
      "version": "2.0.6",
      "resolved": "https://registry.npmjs.org/stack-utils/-/stack-utils-2.0.6.tgz",
      "integrity": "sha512-XlkWvfIm6RmsWtNJx+uqtKLS8eqFbxUg0ZzLXqY0caEy9l7hruX8IpiDnjsLavoBgqCCR71TqWO8MaXYheJ3RQ==",
      "dev": true,
      "license": "MIT",
      "dependencies": {
        "escape-string-regexp": "^2.0.0"
      },
      "engines": {
        "node": ">=10"
      }
    },
    "node_modules/string-width": {
      "version": "7.2.0",
      "resolved": "https://registry.npmjs.org/string-width/-/string-width-7.2.0.tgz",
      "integrity": "sha512-tsaTIkKW9b4N+AEj+SVA+WhJzV7/zMhcSu78mLKWSk7cXMOSHsBKFWUs0fWwq8QyK3MgJBQRX6Gbi4kYbdvGkQ==",
      "dev": true,
      "license": "MIT",
      "dependencies": {
        "emoji-regex": "^10.3.0",
        "get-east-asian-width": "^1.0.0",
        "strip-ansi": "^7.1.0"
      },
      "engines": {
        "node": ">=18"
      },
      "funding": {
        "url": "https://github.com/sponsors/sindresorhus"
      }
    },
    "node_modules/strip-ansi": {
      "version": "7.2.0",
      "resolved": "https://registry.npmjs.org/strip-ansi/-/strip-ansi-7.2.0.tgz",
      "integrity": "sha512-yDPMNjp4WyfYBkHnjIRLfca1i6KMyGCtsVgoKe/z1+6vukgaENdgGBZt+ZmKPc4gavvEZ5OgHfHdrazhgNyG7w==",
      "dev": true,
      "license": "MIT",
      "dependencies": {
        "ansi-regex": "^6.2.2"
      },
      "engines": {
        "node": ">=12"
      },
      "funding": {
        "url": "https://github.com/chalk/strip-ansi?sponsor=1"
      }
    },
    "node_modules/supports-color": {
      "version": "10.2.2",
      "resolved": "https://registry.npmjs.org/supports-color/-/supports-color-10.2.2.tgz",
      "integrity": "sha512-SS+jx45GF1QjgEXQx4NJZV9ImqmO2NPz5FNsIHrsDjh2YsHnawpan7SNQ1o8NuhrbHZy9AZhIoCUiCeaW/C80g==",
      "dev": true,
      "license": "MIT",
      "engines": {
        "node": ">=18"
      },
      "funding": {
        "url": "https://github.com/chalk/supports-color?sponsor=1"
      }
    },
    "node_modules/tree-kill": {
      "version": "1.2.2",
      "resolved": "https://registry.npmjs.org/tree-kill/-/tree-kill-1.2.2.tgz",
      "integrity": "sha512-L0Orpi8qGpRG//Nd+H90vFB+3iHnue1zSSGmNOOCh1GLJ7rUKVwV2HvijphGQS2UmhUZewS9VgvxYIdgr+fG1A==",
      "dev": true,
      "license": "MIT",
      "bin": {
        "tree-kill": "cli.js"
      }
    },
    "node_modules/tslib": {
      "version": "2.8.1",
      "resolved": "https://registry.npmjs.org/tslib/-/tslib-2.8.1.tgz",
      "integrity": "sha512-oJFu94HQb+KVduSUQL7wnpmqnfmLsOA/nAh6b6EH0wCEoK0/mPeXU6c3wKDV83MkOuHPRHtSXKKU99IBazS/2w==",
      "dev": true,
      "license": "0BSD"
    },
    "node_modules/undici-types": {
      "version": "8.9.0",
      "resolved": "https://registry.npmjs.org/undici-types/-/undici-types-8.9.0.tgz",
      "integrity": "sha512-KTDyRTYX8sWmKXAikPHHSyc63CRPETMctyjKFupcC6OBLXT3xsN0e9aF7m+mIXutFWpUXuedtowG7iLOzp0kQg==",
      "dev": true,
      "license": "MIT"
    },
    "node_modules/wrap-ansi": {
      "version": "9.0.2",
      "resolved": "https://registry.npmjs.org/wrap-ansi/-/wrap-ansi-9.0.2.tgz",
      "integrity": "sha512-42AtmgqjV+X1VpdOfyTGOYRi0/zsoLqtXQckTmqTeybT+BDIbM/Guxo7x3pE2vtpr1ok6xRqM9OpBe+Jyoqyww==",
      "dev": true,
      "license": "MIT",
      "dependencies": {
        "ansi-styles": "^6.2.1",
        "string-width": "^7.0.0",
        "strip-ansi": "^7.1.0"
      },
      "engines": {
        "node": ">=18"
      },
      "funding": {
        "url": "https://github.com/chalk/wrap-ansi?sponsor=1"
      }
    },
    "node_modules/y18n": {
      "version": "5.0.8",
      "resolved": "https://registry.npmjs.org/y18n/-/y18n-5.0.8.tgz",
      "integrity": "sha512-0pfFzegeDWJHJIAmTLRP2DwHjdF5s7jo9tuztdQxAhINCdvS+3nGINqPd00AphqJR/0LhANUS6/+7SCb98YOfA==",
      "dev": true,
      "license": "ISC",
      "engines": {
        "node": ">=10"
      }
    },
    "node_modules/yargs": {
      "version": "18.0.0",
      "resolved": "https://registry.npmjs.org/yargs/-/yargs-18.0.0.tgz",
      "integrity": "sha512-4UEqdc2RYGHZc7Doyqkrqiln3p9X2DZVxaGbwhn2pi7MrRagKaOcIKe8L3OxYcbhXLgLFUS3zAYuQjKBQgmuNg==",
      "dev": true,
      "license": "MIT",
      "dependencies": {
        "cliui": "^9.0.1",
        "escalade": "^3.1.1",
        "get-caller-file": "^2.0.5",
        "string-width": "^7.2.0",
        "y18n": "^5.0.5",
        "yargs-parser": "^22.0.0"
      },
      "engines": {
        "node": "^20.19.0 || ^22.12.0 || >=23"
      }
    },
    "node_modules/yargs-parser": {
      "version": "22.0.0",
      "resolved": "https://registry.npmjs.org/yargs-parser/-/yargs-parser-22.0.0.tgz",
      "integrity": "sha512-rwu/ClNdSMpkSrUb+d6BRsSkLUq1fmfsY6TOpYzTwvwkg1/NRG85KBy3kq++A8LKQwX6lsu+aWad+2khvuXrqw==",
      "dev": true,
      "license": "ISC",
      "engines": {
        "node": "^20.19.0 || ^22.12.0 || >=23"
      }
    }
  }
}
